
Microsoft Visual Studio Solution File, Format Version 12.00
# Visual Studio Version 17
VisualStudioVersion = 17.3.32929.385
MinimumVisualStudioVersion = 10.0.40219.1
Project("{2150E333-8FDC-42A3-9474-1A3956D46DE8}") = "1.API", "1.API", "{D88BC113-F6FF-495D-A41E-EFDFA0F0A008}"
EndProject
Project("{2150E333-8FDC-42A3-9474-1A3956D46DE8}") = "2.Business Service", "2.Business Service", "{A510E26E-3904-4A0D-8FE4-B12EED86620B}"
EndProject
Project("{2150E333-8FDC-42A3-9474-1A3956D46DE8}") = "3.Data Access", "3.Data Access", "{F45DD155-8A50-432A-A6D3-8A54842729D0}"
EndProject
Project("{2150E333-8FDC-42A3-9474-1A3956D46DE8}") = "4.Common", "4.Common", "{BB5907A0-0AA3-4D93-9CCB-E26D10C1DB6F}"
EndProject
Project("{9A19103F-16F7-4668-BE54-9A1E7A4F7556}") = "API.Gateway", "API.Gateway\API.Gateway.csproj", "{781BFDA0-2EFA-4F86-83E0-63FA9ABC8399}"
EndProject
Project("{9A19103F-16F7-4668-BE54-9A1E7A4F7556}") = "API.Authentication", "API.Authentication\API.Authentication.csproj", "{0BD8DBB1-1A3C-416C-B244-E0DA962920BA}"
EndProject
Project("{9A19103F-16F7-4668-BE54-9A1E7A4F7556}") = "Service.Core", "Service.Core\Service.Core.csproj", "{DB49CE05-AD57-41FF-8BA8-DBFE88EE6106}"
EndProject
Project("{9A19103F-16F7-4668-BE54-9A1E7A4F7556}") = "Data.Authentication.EFCore", "Data.Authentication\Data.Authentication.EFCore.csproj", "{C76034AD-2395-40DE-87FA-44D4B5C287F4}"
EndProject
Project("{9A19103F-16F7-4668-BE54-9A1E7A4F7556}") = "Service.Authentication", "Service.Authentication\Service.Authentication.csproj", "{DD7A3306-C664-48CA-80EB-81400C6D857F}"
EndProject
Project("{9A19103F-16F7-4668-BE54-9A1E7A4F7556}") = "Common.TransferObject", "Common.TransferObject\Common.TransferObject.csproj", "{AF50D0F1-DF6D-45FF-9213-89C9F40802C6}"
EndProject
Project("{9A19103F-16F7-4668-BE54-9A1E7A4F7556}") = "Common.Security", "Common.Security\Common.Security.csproj", "{099B61DC-5452-4E23-A408-3C43A023BF6E}"
EndProject
Project("{9A19103F-16F7-4668-BE54-9A1E7A4F7556}") = "Common.JwtAuthenticationManager", "Common.JwtAuthenticationManager\Common.JwtAuthenticationManager.csproj", "{0993FEEF-CD46-4D8E-B076-6F757A555063}"
EndProject
Project("{9A19103F-16F7-4668-BE54-9A1E7A4F7556}") = "API.FileUpload", "API.FileUpload\API.FileUpload.csproj", "{8F2D1980-1496-477F-BE50-85495B00698D}"
EndProject
Project("{9A19103F-16F7-4668-BE54-9A1E7A4F7556}") = "Service.FileUpload", "Service.FileUpload\Service.FileUpload.csproj", "{87686EB9-B49C-4F7D-82BD-51BB6D1A68AD}"
EndProject
Project("{9A19103F-16F7-4668-BE54-9A1E7A4F7556}") = "API.Administrator", "API.Administrator\API.Administrator.csproj", "{4DA8B2E0-D017-4F7A-B7D4-05F4F9EF18C3}"
EndProject
Project("{9A19103F-16F7-4668-BE54-9A1E7A4F7556}") = "Data.Administrator.EFCore", "Data.Administrator\Data.Administrator.EFCore.csproj", "{98D8F63B-C2DF-43C2-BC04-AEB1B274738B}"
EndProject
Project("{9A19103F-16F7-4668-BE54-9A1E7A4F7556}") = "Service.Administrator", "Service.Administrator\Service.Administrator.csproj", "{F8AE39EE-DEED-413A-A6F3-1F07867B16E3}"
EndProject
Project("{2150E333-8FDC-42A3-9474-1A3956D46DE8}") = "0.Gateway", "0.Gateway", "{2B30E9FD-F7A4-4210-B4AE-37BDD648C56C}"
EndProject
Project("{9A19103F-16F7-4668-BE54-9A1E7A4F7556}") = "Common.GlobalErrorHandler", "Common.GlobalErrorHandler\Common.GlobalErrorHandler.csproj", "{39B35613-69C1-4562-A3E6-F58625F96DE8}"
EndProject
Project("{9A19103F-16F7-4668-BE54-9A1E7A4F7556}") = "API.Logging", "API.Logging\API.Logging.csproj", "{3F53C36F-114C-40A5-94AC-9E588DDC92DD}"
EndProject
Project("{9A19103F-16F7-4668-BE54-9A1E7A4F7556}") = "Service.Logging", "Service.Logging\Service.Logging.csproj", "{90E33730-545B-48AC-9D0C-BB8F7F98A14A}"
EndProject
Project("{9A19103F-16F7-4668-BE54-9A1E7A4F7556}") = "Data.Logging.EFCore", "Data.Logging.EFCore\Data.Logging.EFCore.csproj", "{44B69B50-9F52-44EB-ACEA-A94ABA32CBEB}"
EndProject
Global
	GlobalSection(SolutionConfigurationPlatforms) = preSolution
		Debug|Any CPU = Debug|Any CPU
		Release|Any CPU = Release|Any CPU
	EndGlobalSection
	GlobalSection(ProjectConfigurationPlatforms) = postSolution
		{781BFDA0-2EFA-4F86-83E0-63FA9ABC8399}.Debug|Any CPU.ActiveCfg = Debug|Any CPU
		{781BFDA0-2EFA-4F86-83E0-63FA9ABC8399}.Debug|Any CPU.Build.0 = Debug|Any CPU
		{781BFDA0-2EFA-4F86-83E0-63FA9ABC8399}.Release|Any CPU.ActiveCfg = Release|Any CPU
		{781BFDA0-2EFA-4F86-83E0-63FA9ABC8399}.Release|Any CPU.Build.0 = Release|Any CPU
		{0BD8DBB1-1A3C-416C-B244-E0DA962920BA}.Debug|Any CPU.ActiveCfg = Debug|Any CPU
		{0BD8DBB1-1A3C-416C-B244-E0DA962920BA}.Debug|Any CPU.Build.0 = Debug|Any CPU
		{0BD8DBB1-1A3C-416C-B244-E0DA962920BA}.Release|Any CPU.ActiveCfg = Release|Any CPU
		{0BD8DBB1-1A3C-416C-B244-E0DA962920BA}.Release|Any CPU.Build.0 = Release|Any CPU
		{DB49CE05-AD57-41FF-8BA8-DBFE88EE6106}.Debug|Any CPU.ActiveCfg = Debug|Any CPU
		{DB49CE05-AD57-41FF-8BA8-DBFE88EE6106}.Debug|Any CPU.Build.0 = Debug|Any CPU
		{DB49CE05-AD57-41FF-8BA8-DBFE88EE6106}.Release|Any CPU.ActiveCfg = Release|Any CPU
		{DB49CE05-AD57-41FF-8BA8-DBFE88EE6106}.Release|Any CPU.Build.0 = Release|Any CPU
		{C76034AD-2395-40DE-87FA-44D4B5C287F4}.Debug|Any CPU.ActiveCfg = Debug|Any CPU
		{C76034AD-2395-40DE-87FA-44D4B5C287F4}.Debug|Any CPU.Build.0 = Debug|Any CPU
		{C76034AD-2395-40DE-87FA-44D4B5C287F4}.Release|Any CPU.ActiveCfg = Release|Any CPU
		{C76034AD-2395-40DE-87FA-44D4B5C287F4}.Release|Any CPU.Build.0 = Release|Any CPU
		{DD7A3306-C664-48CA-80EB-81400C6D857F}.Debug|Any CPU.ActiveCfg = Debug|Any CPU
		{DD7A3306-C664-48CA-80EB-81400C6D857F}.Debug|Any CPU.Build.0 = Debug|Any CPU
		{DD7A3306-C664-48CA-80EB-81400C6D857F}.Release|Any CPU.ActiveCfg = Release|Any CPU
		{DD7A3306-C664-48CA-80EB-81400C6D857F}.Release|Any CPU.Build.0 = Release|Any CPU
		{AF50D0F1-DF6D-45FF-9213-89C9F40802C6}.Debug|Any CPU.ActiveCfg = Debug|Any CPU
		{AF50D0F1-DF6D-45FF-9213-89C9F40802C6}.Debug|Any CPU.Build.0 = Debug|Any CPU
		{AF50D0F1-DF6D-45FF-9213-89C9F40802C6}.Release|Any CPU.ActiveCfg = Release|Any CPU
		{AF50D0F1-DF6D-45FF-9213-89C9F40802C6}.Release|Any CPU.Build.0 = Release|Any CPU
		{099B61DC-5452-4E23-A408-3C43A023BF6E}.Debug|Any CPU.ActiveCfg = Debug|Any CPU
		{099B61DC-5452-4E23-A408-3C43A023BF6E}.Debug|Any CPU.Build.0 = Debug|Any CPU
		{099B61DC-5452-4E23-A408-3C43A023BF6E}.Release|Any CPU.ActiveCfg = Release|Any CPU
		{099B61DC-5452-4E23-A408-3C43A023BF6E}.Release|Any CPU.Build.0 = Release|Any CPU
		{0993FEEF-CD46-4D8E-B076-6F757A555063}.Debug|Any CPU.ActiveCfg = Debug|Any CPU
		{0993FEEF-CD46-4D8E-B076-6F757A555063}.Debug|Any CPU.Build.0 = Debug|Any CPU
		{0993FEEF-CD46-4D8E-B076-6F757A555063}.Release|Any CPU.ActiveCfg = Release|Any CPU
		{0993FEEF-CD46-4D8E-B076-6F757A555063}.Release|Any CPU.Build.0 = Release|Any CPU
		{8F2D1980-1496-477F-BE50-85495B00698D}.Debug|Any CPU.ActiveCfg = Debug|Any CPU
		{8F2D1980-1496-477F-BE50-85495B00698D}.Debug|Any CPU.Build.0 = Debug|Any CPU
		{8F2D1980-1496-477F-BE50-85495B00698D}.Release|Any CPU.ActiveCfg = Release|Any CPU
		{8F2D1980-1496-477F-BE50-85495B00698D}.Release|Any CPU.Build.0 = Release|Any CPU
		{87686EB9-B49C-4F7D-82BD-51BB6D1A68AD}.Debug|Any CPU.ActiveCfg = Debug|Any CPU
		{87686EB9-B49C-4F7D-82BD-51BB6D1A68AD}.Debug|Any CPU.Build.0 = Debug|Any CPU
		{87686EB9-B49C-4F7D-82BD-51BB6D1A68AD}.Release|Any CPU.ActiveCfg = Release|Any CPU
		{87686EB9-B49C-4F7D-82BD-51BB6D1A68AD}.Release|Any CPU.Build.0 = Release|Any CPU
		{4DA8B2E0-D017-4F7A-B7D4-05F4F9EF18C3}.Debug|Any CPU.ActiveCfg = Debug|Any CPU
		{4DA8B2E0-D017-4F7A-B7D4-05F4F9EF18C3}.Debug|Any CPU.Build.0 = Debug|Any CPU
		{4DA8B2E0-D017-4F7A-B7D4-05F4F9EF18C3}.Release|Any CPU.ActiveCfg = Release|Any CPU
		{4DA8B2E0-D017-4F7A-B7D4-05F4F9EF18C3}.Release|Any CPU.Build.0 = Release|Any CPU
		{98D8F63B-C2DF-43C2-BC04-AEB1B274738B}.Debug|Any CPU.ActiveCfg = Debug|Any CPU
		{98D8F63B-C2DF-43C2-BC04-AEB1B274738B}.Debug|Any CPU.Build.0 = Debug|Any CPU
		{98D8F63B-C2DF-43C2-BC04-AEB1B274738B}.Release|Any CPU.ActiveCfg = Release|Any CPU
		{98D8F63B-C2DF-43C2-BC04-AEB1B274738B}.Release|Any CPU.Build.0 = Release|Any CPU
		{F8AE39EE-DEED-413A-A6F3-1F07867B16E3}.Debug|Any CPU.ActiveCfg = Debug|Any CPU
		{F8AE39EE-DEED-413A-A6F3-1F07867B16E3}.Debug|Any CPU.Build.0 = Debug|Any CPU
		{F8AE39EE-DEED-413A-A6F3-1F07867B16E3}.Release|Any CPU.ActiveCfg = Release|Any CPU
		{F8AE39EE-DEED-413A-A6F3-1F07867B16E3}.Release|Any CPU.Build.0 = Release|Any CPU
		{39B35613-69C1-4562-A3E6-F58625F96DE8}.Debug|Any CPU.ActiveCfg = Debug|Any CPU
		{39B35613-69C1-4562-A3E6-F58625F96DE8}.Debug|Any CPU.Build.0 = Debug|Any CPU
		{39B35613-69C1-4562-A3E6-F58625F96DE8}.Release|Any CPU.ActiveCfg = Release|Any CPU
		{39B35613-69C1-4562-A3E6-F58625F96DE8}.Release|Any CPU.Build.0 = Release|Any CPU
		{3F53C36F-114C-40A5-94AC-9E588DDC92DD}.Debug|Any CPU.ActiveCfg = Debug|Any CPU
		{3F53C36F-114C-40A5-94AC-9E588DDC92DD}.Debug|Any CPU.Build.0 = Debug|Any CPU
		{3F53C36F-114C-40A5-94AC-9E588DDC92DD}.Release|Any CPU.ActiveCfg = Release|Any CPU
		{3F53C36F-114C-40A5-94AC-9E588DDC92DD}.Release|Any CPU.Build.0 = Release|Any CPU
		{90E33730-545B-48AC-9D0C-BB8F7F98A14A}.Debug|Any CPU.ActiveCfg = Debug|Any CPU
		{90E33730-545B-48AC-9D0C-BB8F7F98A14A}.Debug|Any CPU.Build.0 = Debug|Any CPU
		{90E33730-545B-48AC-9D0C-BB8F7F98A14A}.Release|Any CPU.ActiveCfg = Release|Any CPU
		{90E33730-545B-48AC-9D0C-BB8F7F98A14A}.Release|Any CPU.Build.0 = Release|Any CPU
		{44B69B50-9F52-44EB-ACEA-A94ABA32CBEB}.Debug|Any CPU.ActiveCfg = Debug|Any CPU
		{44B69B50-9F52-44EB-ACEA-A94ABA32CBEB}.Debug|Any CPU.Build.0 = Debug|Any CPU
		{44B69B50-9F52-44EB-ACEA-A94ABA32CBEB}.Release|Any CPU.ActiveCfg = Release|Any CPU
		{44B69B50-9F52-44EB-ACEA-A94ABA32CBEB}.Release|Any CPU.Build.0 = Release|Any CPU
	EndGlobalSection
	GlobalSection(SolutionProperties) = preSolution
		HideSolutionNode = FALSE
	EndGlobalSection
	GlobalSection(NestedProjects) = preSolution
		{781BFDA0-2EFA-4F86-83E0-63FA9ABC8399} = {2B30E9FD-F7A4-4210-B4AE-37BDD648C56C}
		{0BD8DBB1-1A3C-416C-B244-E0DA962920BA} = {D88BC113-F6FF-495D-A41E-EFDFA0F0A008}
		{DB49CE05-AD57-41FF-8BA8-DBFE88EE6106} = {A510E26E-3904-4A0D-8FE4-B12EED86620B}
		{C76034AD-2395-40DE-87FA-44D4B5C287F4} = {F45DD155-8A50-432A-A6D3-8A54842729D0}
		{DD7A3306-C664-48CA-80EB-81400C6D857F} = {A510E26E-3904-4A0D-8FE4-B12EED86620B}
		{AF50D0F1-DF6D-45FF-9213-89C9F40802C6} = {BB5907A0-0AA3-4D93-9CCB-E26D10C1DB6F}
		{099B61DC-5452-4E23-A408-3C43A023BF6E} = {BB5907A0-0AA3-4D93-9CCB-E26D10C1DB6F}
		{0993FEEF-CD46-4D8E-B076-6F757A555063} = {BB5907A0-0AA3-4D93-9CCB-E26D10C1DB6F}
		{8F2D1980-1496-477F-BE50-85495B00698D} = {D88BC113-F6FF-495D-A41E-EFDFA0F0A008}
		{87686EB9-B49C-4F7D-82BD-51BB6D1A68AD} = {A510E26E-3904-4A0D-8FE4-B12EED86620B}
		{4DA8B2E0-D017-4F7A-B7D4-05F4F9EF18C3} = {D88BC113-F6FF-495D-A41E-EFDFA0F0A008}
		{98D8F63B-C2DF-43C2-BC04-AEB1B274738B} = {F45DD155-8A50-432A-A6D3-8A54842729D0}
		{F8AE39EE-DEED-413A-A6F3-1F07867B16E3} = {A510E26E-3904-4A0D-8FE4-B12EED86620B}
		{39B35613-69C1-4562-A3E6-F58625F96DE8} = {BB5907A0-0AA3-4D93-9CCB-E26D10C1DB6F}
		{3F53C36F-114C-40A5-94AC-9E588DDC92DD} = {D88BC113-F6FF-495D-A41E-EFDFA0F0A008}
		{90E33730-545B-48AC-9D0C-BB8F7F98A14A} = {A510E26E-3904-4A0D-8FE4-B12EED86620B}
		{44B69B50-9F52-44EB-ACEA-A94ABA32CBEB} = {F45DD155-8A50-432A-A6D3-8A54842729D0}
	EndGlobalSection
	GlobalSection(ExtensibilityGlobals) = postSolution
		SolutionGuid = {5D1FAF84-CF5A-4958-82FB-2F6652C9EF05}
	EndGlobalSection
EndGlobal
